
Microsoft Visual Studio Solution File, Format Version 12.00
# Visual Studio Version 16
VisualStudioVersion = 16.0.31321.278
MinimumVisualStudioVersion = 10.0.40219.1
Project("{9A19103F-16F7-4668-BE54-9A1E7A4F7556}") = "Red-Social", "Red-Social\Red-Social.csproj", "{62E11988-77CB-43F3-9E19-9B24FE22AFEA}"
EndProject
Project("{9A19103F-16F7-4668-BE54-9A1E7A4F7556}") = "Red-Social.Repository", "Red-Social.Repository\Red-Social.Repository.csproj", "{61AA4B56-32FD-4141-BDE8-E90BE1F6E553}"
EndProject
Project("{9A19103F-16F7-4668-BE54-9A1E7A4F7556}") = "Red-Social.Services", "Red-Social.Services\Red-Social.Services.csproj", "{D208B594-F4AA-4A3D-8245-DD3344C5D944}"
EndProject
Project("{9A19103F-16F7-4668-BE54-9A1E7A4F7556}") = "Red-Social.Model", "Red-Social.Model\Red-Social.Model.csproj", "{66C9E563-85C4-41AF-AB52-8776F91597EE}"
EndProject
Project("{F14B399A-7131-4C87-9E4B-1186C45EF12D}") = "Reportes Estudiantes", "Reportes Estudiantes\Reportes Estudiantes.rptproj", "{E54A6F53-2E8C-4360-9163-4146E472106C}"
EndProject
Global
	GlobalSection(SolutionConfigurationPlatforms) = preSolution
		Debug|Any CPU = Debug|Any CPU
		DebugLocal|Any CPU = DebugLocal|Any CPU
		Release|Any CPU = Release|Any CPU
	EndGlobalSection
	GlobalSection(ProjectConfigurationPlatforms) = postSolution
		{62E11988-77CB-43F3-9E19-9B24FE22AFEA}.Debug|Any CPU.ActiveCfg = Debug|Any CPU
		{62E11988-77CB-43F3-9E19-9B24FE22AFEA}.Debug|Any CPU.Build.0 = Debug|Any CPU
		{62E11988-77CB-43F3-9E19-9B24FE22AFEA}.DebugLocal|Any CPU.ActiveCfg = Debug|Any CPU
		{62E11988-77CB-43F3-9E19-9B24FE22AFEA}.DebugLocal|Any CPU.Build.0 = Debug|Any CPU
		{62E11988-77CB-43F3-9E19-9B24FE22AFEA}.Release|Any CPU.ActiveCfg = Release|Any CPU
		{62E11988-77CB-43F3-9E19-9B24FE22AFEA}.Release|Any CPU.Build.0 = Release|Any CPU
		{61AA4B56-32FD-4141-BDE8-E90BE1F6E553}.Debug|Any CPU.ActiveCfg = Debug|Any CPU
		{61AA4B56-32FD-4141-BDE8-E90BE1F6E553}.Debug|Any CPU.Build.0 = Debug|Any CPU
		{61AA4B56-32FD-4141-BDE8-E90BE1F6E553}.DebugLocal|Any CPU.ActiveCfg = Debug|Any CPU
		{61AA4B56-32FD-4141-BDE8-E90BE1F6E553}.DebugLocal|Any CPU.Build.0 = Debug|Any CPU
		{61AA4B56-32FD-4141-BDE8-E90BE1F6E553}.Release|Any CPU.ActiveCfg = Release|Any CPU
		{61AA4B56-32FD-4141-BDE8-E90BE1F6E553}.Release|Any CPU.Build.0 = Release|Any CPU
		{D208B594-F4AA-4A3D-8245-DD3344C5D944}.Debug|Any CPU.ActiveCfg = Debug|Any CPU
		{D208B594-F4AA-4A3D-8245-DD3344C5D944}.Debug|Any CPU.Build.0 = Debug|Any CPU
		{D208B594-F4AA-4A3D-8245-DD3344C5D944}.DebugLocal|Any CPU.ActiveCfg = Debug|Any CPU
		{D208B594-F4AA-4A3D-8245-DD3344C5D944}.DebugLocal|Any CPU.Build.0 = Debug|Any CPU
		{D208B594-F4AA-4A3D-8245-DD3344C5D944}.Release|Any CPU.ActiveCfg = Release|Any CPU
		{D208B594-F4AA-4A3D-8245-DD3344C5D944}.Release|Any CPU.Build.0 = Release|Any CPU
		{66C9E563-85C4-41AF-AB52-8776F91597EE}.Debug|Any CPU.ActiveCfg = Debug|Any CPU
		{66C9E563-85C4-41AF-AB52-8776F91597EE}.Debug|Any CPU.Build.0 = Debug|Any CPU
		{66C9E563-85C4-41AF-AB52-8776F91597EE}.DebugLocal|Any CPU.ActiveCfg = Debug|Any CPU
		{66C9E563-85C4-41AF-AB52-8776F91597EE}.DebugLocal|Any CPU.Build.0 = Debug|Any CPU
		{66C9E563-85C4-41AF-AB52-8776F91597EE}.Release|Any CPU.ActiveCfg = Release|Any CPU
		{66C9E563-85C4-41AF-AB52-8776F91597EE}.Release|Any CPU.Build.0 = Release|Any CPU
		{E54A6F53-2E8C-4360-9163-4146E472106C}.Debug|Any CPU.ActiveCfg = Debug
		{E54A6F53-2E8C-4360-9163-4146E472106C}.Debug|Any CPU.Build.0 = Debug
		{E54A6F53-2E8C-4360-9163-4146E472106C}.Debug|Any CPU.Deploy.0 = Debug
		{E54A6F53-2E8C-4360-9163-4146E472106C}.DebugLocal|Any CPU.ActiveCfg = DebugLocal
		{E54A6F53-2E8C-4360-9163-4146E472106C}.DebugLocal|Any CPU.Build.0 = DebugLocal
		{E54A6F53-2E8C-4360-9163-4146E472106C}.Release|Any CPU.ActiveCfg = Release
		{E54A6F53-2E8C-4360-9163-4146E472106C}.Release|Any CPU.Build.0 = Release
		{E54A6F53-2E8C-4360-9163-4146E472106C}.Release|Any CPU.Deploy.0 = Release
	EndGlobalSection
	GlobalSection(SolutionProperties) = preSolution
		HideSolutionNode = FALSE
	EndGlobalSection
	GlobalSection(ExtensibilityGlobals) = postSolution
		SolutionGuid = {FC180611-1F0F-453B-83F1-8167887B6253}
	EndGlobalSection
EndGlobal
